
Microsoft Visual Studio Solution File, Format Version 12.00
# Visual Studio Version 16
VisualStudioVersion = 16.0.29209.62
MinimumVisualStudioVersion = 10.0.40219.1
Project("{FAE04EC0-301F-11D3-BF4B-00C04F79EFBC}") = "ContactsApi", "ContactsApi\ContactsApi.csproj", "{79A3F73B-4374-40FB-8150-3851262DB005}"
EndProject
Global
	GlobalSection(SolutionConfigurationPlatforms) = preSolution
		Debug|Any CPU = Debug|Any CPU
		Release|Any CPU = Release|Any CPU
	EndGlobalSection
	GlobalSection(ProjectConfigurationPlatforms) = postSolution
		{79A3F73B-4374-40FB-8150-3851262DB005}.Debug|Any CPU.ActiveCfg = Debug|Any CPU
		{79A3F73B-4374-40FB-8150-3851262DB005}.Debug|Any CPU.Build.0 = Debug|Any CPU
		{79A3F73B-4374-40FB-8150-3851262DB005}.Release|Any CPU.ActiveCfg = Release|Any CPU
		{79A3F73B-4374-40FB-8150-3851262DB005}.Release|Any CPU.Build.0 = Release|Any CPU
	EndGlobalSection
	GlobalSection(SolutionProperties) = preSolution
		HideSolutionNode = FALSE
	EndGlobalSection
	GlobalSection(ExtensibilityGlobals) = postSolution
		SolutionGuid = {12901EDA-A311-4B1D-892D-441FE1876BDA}
	EndGlobalSection
EndGlobal
